
Microsoft Visual Studio Solution File, Format Version 12.00
# Visual Studio Version 17
VisualStudioVersion = 17.6.33829.357
MinimumVisualStudioVersion = 10.0.40219.1
Project("{FAE04EC0-301F-11D3-BF4B-00C04F79EFBC}") = "DockerizedWebAPI", "DockerizedWebAPI.csproj", "{54DAA087-86C3-459C-9258-4EFBA542D819}"
EndProject
Project("{E53339B2-1760-4266-BCC7-CA923CBCF16C}") = "docker-compose", "docker-compose.dcproj", "{7A69424A-DA0C-4C7A-9A75-0CD355F2E4E7}"
EndProject
Global
	GlobalSection(SolutionConfigurationPlatforms) = preSolution
		Debug|Any CPU = Debug|Any CPU
		Release|Any CPU = Release|Any CPU
	EndGlobalSection
	GlobalSection(ProjectConfigurationPlatforms) = postSolution
		{54DAA087-86C3-459C-9258-4EFBA542D819}.Debug|Any CPU.ActiveCfg = Debug|Any CPU
		{54DAA087-86C3-459C-9258-4EFBA542D819}.Debug|Any CPU.Build.0 = Debug|Any CPU
		{54DAA087-86C3-459C-9258-4EFBA542D819}.Release|Any CPU.ActiveCfg = Release|Any CPU
		{54DAA087-86C3-459C-9258-4EFBA542D819}.Release|Any CPU.Build.0 = Release|Any CPU
		{7A69424A-DA0C-4C7A-9A75-0CD355F2E4E7}.Debug|Any CPU.ActiveCfg = Debug|Any CPU
		{7A69424A-DA0C-4C7A-9A75-0CD355F2E4E7}.Debug|Any CPU.Build.0 = Debug|Any CPU
		{7A69424A-DA0C-4C7A-9A75-0CD355F2E4E7}.Release|Any CPU.ActiveCfg = Release|Any CPU
		{7A69424A-DA0C-4C7A-9A75-0CD355F2E4E7}.Release|Any CPU.Build.0 = Release|Any CPU
	EndGlobalSection
	GlobalSection(SolutionProperties) = preSolution
		HideSolutionNode = FALSE
	EndGlobalSection
	GlobalSection(ExtensibilityGlobals) = postSolution
		SolutionGuid = {CE916C50-9793-43AE-8B3E-8FB5B2645A0B}
	EndGlobalSection
EndGlobal
